PODS:
  - AFNetworking (4.0.1):
    - AFNetworking/NSURLSession (= 4.0.1)
    - AFNetworking/Reachability (= 4.0.1)
    - AFNetworking/Security (= 4.0.1)
    - AFNetworking/Serialization (= 4.0.1)
    - AFNetworking/UIKit (= 4.0.1)
  - AFNetworking/NSURLSession (4.0.1):
    - AFNetworking/Reachability
    - AFNetworking/Security
    - AFNetworking/Serialization
  - AFNetworking/Reachability (4.0.1)
  - AFNetworking/Security (4.0.1)
  - AFNetworking/Serialization (4.0.1)
  - AFNetworking/UIKit (4.0.1):
    - AFNetworking/NSURLSession
  - AlicloudCrash (1.2.0):
    - AlicloudHAUtil
    - AlicloudUtils
    - AliHACore (~> 10.0.3)
    - AliHAMemoryMonitor
    - JDYThreadTrace (~> 11.1.1)
    - TBCrashReporter (~> 10.2.0)
  - AlicloudHAUtil (1.0.3):
    - AliHACore
    - TBRest
    - ZipArchive
  - AlicloudPDNS (2.1.9)
  - AlicloudUTDID (1.6.1)
  - AlicloudUtils (2.0.1):
    - AlicloudUTDID
  - AliCrashReporterInterface (0.0.5)
  - AliHACore (10.0.3.6):
    - AliHALogEngine (>= 10.0.2)
    - AliHAProtocol (>= 10.0.2.1)
    - TBJSONModel
    - TBRest (>= 1.0.0.18)
  - AliHALogEngine (10.0.6)
  - AliHAMemoryMonitor (11.1.8.1):
    - AliHAMethodTrace (>= 10.0.2)
    - AliHAProtocol (>= 10.0.2)
    - BizErrorReporter4iOS (>= 10.0.2)
    - FBAllocationTracker
    - FBMemoryProfiler
    - FBRetainCycleDetector
  - AliHAMethodTrace (10.0.4)
  - AliHAProtocol (10.0.3.1):
    - TBJSONModel
  - AWRichText (1.0.1)
  - BarrageRenderer (2.1.0)
  - BizErrorReporter4iOS (10.0.3):
    - JDYThreadTrace (>= 1.0.0.12)
    - TBRest
  - Bugly (2.5.90)
  - CocoaAsyncSocket (7.6.5)
  - CrashReporter (10.0.3)
  - FBAllocationTracker (0.1.5)
  - FBMemoryProfiler (0.1.3):
    - FBAllocationTracker (~> 0.1)
    - FBRetainCycleDetector (~> 0.1)
  - FBRetainCycleDetector (0.1.4.1)
  - FLAnimatedImage (1.0.17)
  - HPGrowingTextView (1.1)
  - JCore (2.4.0)
  - JDYThreadTrace (11.1.1.2)
  - JPush (3.4.0):
    - JCore (< 3.0.0, >= 2.0.0)
  - JXCategoryView (1.5.8)
  - JXPagingView/Pager (2.0.13)
  - KSCrashTao (1.0.4.2)
  - libOpenInstallSDK (2.8.5.1)
  - LookinServer (1.0.0)
  - Masonry (1.1.0)
  - MBProgressHUD (1.2.0)
  - MJExtension (3.2.4)
  - MJRefresh (3.5.0)
  - MLLabel (1.10.5)
  - MRDLNA (0.1.1):
    - CocoaAsyncSocket
    - MRDLNA/MRC (= 0.1.1)
  - MRDLNA/MRC (0.1.1):
    - CocoaAsyncSocket
  - MSNetwork (0.0.4):
    - AFNetworking
    - YYCache
  - NIMSDK_LITE (8.4.4)
  - QMUIKit (4.2.2):
    - QMUIKit/QMUIComponents (= 4.2.2)
    - QMUIKit/QMUICore (= 4.2.2)
    - QMUIKit/QMUILog (= 4.2.2)
    - QMUIKit/QMUIMainFrame (= 4.2.2)
    - QMUIKit/QMUIResources (= 4.2.2)
    - QMUIKit/QMUIWeakObjectContainer (= 4.2.2)
  - QMUIKit/QMUIComponents (4.2.2):
    - QMUIKit/QMUIComponents/NavigationBarTransition (= 4.2.2)
    - QMUIKit/QMUIComponents/QMUIAlertController (= 4.2.2)
    - QMUIKit/QMUIComponents/QMUIAnimation (= 4.2.2)
    - QMUIKit/QMUIComponents/QMUIAppearance (= 4.2.2)
    - QMUIKit/QMUIComponents/QMUIAssetLibrary (= 4.2.2)
    - QMUIKit/QMUIComponents/QMUIBadge (= 4.2.2)
    - QMUIKit/QMUIComponents/QMUIButton (= 4.2.2)
    - QMUIKit/QMUIComponents/QMUICAAnimationExtension (= 4.2.2)
    - QMUIKit/QMUIComponents/QMUICALayerExtension (= 4.2.2)
    - QMUIKit/QMUIComponents/QMUICellHeightCache (= 4.2.2)
    - QMUIKit/QMUIComponents/QMUICellHeightKeyCache (= 4.2.2)
    - QMUIKit/QMUIComponents/QMUICellSizeKeyCache (= 4.2.2)
    - QMUIKit/QMUIComponents/QMUICollectionViewPagingLayout (= 4.2.2)
    - QMUIKit/QMUIComponents/QMUIConsole (= 4.2.2)
    - QMUIKit/QMUIComponents/QMUIDialogViewController (= 4.2.2)
    - QMUIKit/QMUIComponents/QMUIEmotionInputManager (= 4.2.2)
    - QMUIKit/QMUIComponents/QMUIEmotionView (= 4.2.2)
    - QMUIKit/QMUIComponents/QMUIEmptyView (= 4.2.2)
    - QMUIKit/QMUIComponents/QMUIFillButton (= 4.2.2)
    - QMUIKit/QMUIComponents/QMUIFloatLayoutView (= 4.2.2)
    - QMUIKit/QMUIComponents/QMUIGhostButton (= 4.2.2)
    - QMUIKit/QMUIComponents/QMUIGridView (= 4.2.2)
    - QMUIKit/QMUIComponents/QMUIImagePickerLibrary (= 4.2.2)
    - QMUIKit/QMUIComponents/QMUIImagePreviewView (= 4.2.2)
    - QMUIKit/QMUIComponents/QMUIKeyboardManager (= 4.2.2)
    - QMUIKit/QMUIComponents/QMUILabel (= 4.2.2)
    - QMUIKit/QMUIComponents/QMUILinkButton (= 4.2.2)
    - QMUIKit/QMUIComponents/QMUILogManagerViewController (= 4.2.2)
    - QMUIKit/QMUIComponents/QMUILogWithConfigurationSupported (= 4.2.2)
    - QMUIKit/QMUIComponents/QMUIMarqueeLabel (= 4.2.2)
    - QMUIKit/QMUIComponents/QMUIModalPresentationViewController (= 4.2.2)
    - QMUIKit/QMUIComponents/QMUIMoreOperationController (= 4.2.2)
    - QMUIKit/QMUIComponents/QMUIMultipleDelegates (= 4.2.2)
    - QMUIKit/QMUIComponents/QMUINavigationButton (= 4.2.2)
    - QMUIKit/QMUIComponents/QMUINavigationTitleView (= 4.2.2)
    - QMUIKit/QMUIComponents/QMUIOrderedDictionary (= 4.2.2)
    - QMUIKit/QMUIComponents/QMUIPieProgressView (= 4.2.2)
    - QMUIKit/QMUIComponents/QMUIPopupContainerView (= 4.2.2)
    - QMUIKit/QMUIComponents/QMUIPopupMenuView (= 4.2.2)
    - QMUIKit/QMUIComponents/QMUIScrollAnimator (= 4.2.2)
    - QMUIKit/QMUIComponents/QMUISearchBar (= 4.2.2)
    - QMUIKit/QMUIComponents/QMUISearchController (= 4.2.2)
    - QMUIKit/QMUIComponents/QMUISegmentedControl (= 4.2.2)
    - QMUIKit/QMUIComponents/QMUISlider (= 4.2.2)
    - QMUIKit/QMUIComponents/QMUIStaticTableView (= 4.2.2)
    - QMUIKit/QMUIComponents/QMUITableView (= 4.2.2)
    - QMUIKit/QMUIComponents/QMUITableViewCell (= 4.2.2)
    - QMUIKit/QMUIComponents/QMUITableViewHeaderFooterView (= 4.2.2)
    - QMUIKit/QMUIComponents/QMUITableViewProtocols (= 4.2.2)
    - QMUIKit/QMUIComponents/QMUITestView (= 4.2.2)
    - QMUIKit/QMUIComponents/QMUITextField (= 4.2.2)
    - QMUIKit/QMUIComponents/QMUITextView (= 4.2.2)
    - QMUIKit/QMUIComponents/QMUITheme (= 4.2.2)
    - QMUIKit/QMUIComponents/QMUITips (= 4.2.2)
    - QMUIKit/QMUIComponents/QMUIToastView (= 4.2.2)
    - QMUIKit/QMUIComponents/QMUIToolbarButton (= 4.2.2)
    - QMUIKit/QMUIComponents/QMUIVisualEffectView (= 4.2.2)
    - QMUIKit/QMUIComponents/QMUIWindowSizeMonitor (= 4.2.2)
    - QMUIKit/QMUIComponents/QMUIZoomImageView (= 4.2.2)
    - QMUIKit/QMUICore
  - QMUIKit/QMUIComponents/NavigationBarTransition (4.2.2):
    - QMUIKit/QMUIComponents/QMUINavigationTitleView
    - QMUIKit/QMUICore
    - QMUIKit/QMUIMainFrame
  - QMUIKit/QMUIComponents/QMUIAlertController (4.2.2):
    - QMUIKit/QMUIComponents/QMUIAppearance
    - QMUIKit/QMUIComponents/QMUIButton
    - QMUIKit/QMUIComponents/QMUIKeyboardManager
    - QMUIKit/QMUIComponents/QMUIModalPresentationViewController
    - QMUIKit/QMUIComponents/QMUITextField
    - QMUIKit/QMUICore
  - QMUIKit/QMUIComponents/QMUIAnimation (4.2.2):
    - QMUIKit/QMUICore
  - QMUIKit/QMUIComponents/QMUIAppearance (4.2.2):
    - QMUIKit/QMUICore
  - QMUIKit/QMUIComponents/QMUIAssetLibrary (4.2.2):
    - QMUIKit/QMUICore
  - QMUIKit/QMUIComponents/QMUIBadge (4.2.2):
    - QMUIKit/QMUIComponents/QMUILabel
    - QMUIKit/QMUICore
  - QMUIKit/QMUIComponents/QMUIButton (4.2.2):
    - QMUIKit/QMUICore
  - QMUIKit/QMUIComponents/QMUICAAnimationExtension (4.2.2):
    - QMUIKit/QMUIComponents/QMUIMultipleDelegates
    - QMUIKit/QMUICore
  - QMUIKit/QMUIComponents/QMUICALayerExtension (4.2.2):
    - QMUIKit/QMUIComponents/QMUIMultipleDelegates
    - QMUIKit/QMUICore
  - QMUIKit/QMUIComponents/QMUICellHeightCache (4.2.2):
    - QMUIKit/QMUIComponents/QMUITableViewProtocols
    - QMUIKit/QMUICore
  - QMUIKit/QMUIComponents/QMUICellHeightKeyCache (4.2.2):
    - QMUIKit/QMUIComponents/QMUIMultipleDelegates
    - QMUIKit/QMUIComponents/QMUITableViewProtocols
    - QMUIKit/QMUICore
  - QMUIKit/QMUIComponents/QMUICellSizeKeyCache (4.2.2):
    - QMUIKit/QMUIComponents/QMUIMultipleDelegates
    - QMUIKit/QMUICore
  - QMUIKit/QMUIComponents/QMUICollectionViewPagingLayout (4.2.2):
    - QMUIKit/QMUICore
  - QMUIKit/QMUIComponents/QMUIConsole (4.2.2):
    - QMUIKit/QMUIComponents/QMUIButton
    - QMUIKit/QMUIComponents/QMUICAAnimationExtension
    - QMUIKit/QMUIComponents/QMUIPopupMenuView
    - QMUIKit/QMUIComponents/QMUITextField
    - QMUIKit/QMUIComponents/QMUITextView
    - QMUIKit/QMUICore
    - QMUIKit/QMUIResources
  - QMUIKit/QMUIComponents/QMUIDialogViewController (4.2.2):
    - QMUIKit/QMUIComponents/QMUIAppearance
    - QMUIKit/QMUIComponents/QMUIButton
    - QMUIKit/QMUIComponents/QMUILabel
    - QMUIKit/QMUIComponents/QMUIModalPresentationViewController
    - QMUIKit/QMUIComponents/QMUINavigationTitleView
    - QMUIKit/QMUIComponents/QMUITableView
    - QMUIKit/QMUIComponents/QMUITableViewCell
    - QMUIKit/QMUIComponents/QMUITextField
    - QMUIKit/QMUICore
    - QMUIKit/QMUIMainFrame
  - QMUIKit/QMUIComponents/QMUIEmotionInputManager (4.2.2):
    - QMUIKit/QMUIComponents/QMUIEmotionView
    - QMUIKit/QMUICore
  - QMUIKit/QMUIComponents/QMUIEmotionView (4.2.2):
    - QMUIKit/QMUIComponents/QMUIButton
    - QMUIKit/QMUICore
    - QMUIKit/QMUIResources
  - QMUIKit/QMUIComponents/QMUIEmptyView (4.2.2):
    - QMUIKit/QMUIComponents/QMUIAppearance
    - QMUIKit/QMUIComponents/QMUIButton
    - QMUIKit/QMUICore
  - QMUIKit/QMUIComponents/QMUIFillButton (4.2.2):
    - QMUIKit/QMUIComponents/QMUIButton
    - QMUIKit/QMUICore
  - QMUIKit/QMUIComponents/QMUIFloatLayoutView (4.2.2):
    - QMUIKit/QMUICore
  - QMUIKit/QMUIComponents/QMUIGhostButton (4.2.2):
    - QMUIKit/QMUIComponents/QMUIButton
    - QMUIKit/QMUICore
  - QMUIKit/QMUIComponents/QMUIGridView (4.2.2):
    - QMUIKit/QMUICore
  - QMUIKit/QMUIComponents/QMUIImagePickerLibrary (4.2.2):
    - QMUIKit/QMUIComponents/QMUIAlertController
    - QMUIKit/QMUIComponents/QMUIAppearance
    - QMUIKit/QMUIComponents/QMUIAssetLibrary
    - QMUIKit/QMUIComponents/QMUIButton
    - QMUIKit/QMUIComponents/QMUIEmptyView
    - QMUIKit/QMUIComponents/QMUIImagePreviewView
    - QMUIKit/QMUIComponents/QMUINavigationButton
    - QMUIKit/QMUIComponents/QMUITableViewCell
    - QMUIKit/QMUIComponents/QMUIZoomImageView
    - QMUIKit/QMUICore
    - QMUIKit/QMUIMainFrame
    - QMUIKit/QMUIResources
  - QMUIKit/QMUIComponents/QMUIImagePreviewView (4.2.2):
    - QMUIKit/QMUIComponents/QMUIAppearance
    - QMUIKit/QMUIComponents/QMUIButton
    - QMUIKit/QMUIComponents/QMUICollectionViewPagingLayout
    - QMUIKit/QMUIComponents/QMUIEmptyView
    - QMUIKit/QMUIComponents/QMUIPieProgressView
    - QMUIKit/QMUIComponents/QMUIZoomImageView
    - QMUIKit/QMUICore
    - QMUIKit/QMUIMainFrame
  - QMUIKit/QMUIComponents/QMUIKeyboardManager (4.2.2):
    - QMUIKit/QMUIComponents/QMUIAppearance
    - QMUIKit/QMUICore
  - QMUIKit/QMUIComponents/QMUILabel (4.2.2):
    - QMUIKit/QMUICore
  - QMUIKit/QMUIComponents/QMUILinkButton (4.2.2):
    - QMUIKit/QMUIComponents/QMUIButton
    - QMUIKit/QMUICore
  - QMUIKit/QMUIComponents/QMUILogManagerViewController (4.2.2):
    - QMUIKit/QMUIComponents/QMUIPopupMenuView
    - QMUIKit/QMUIComponents/QMUISearchController
    - QMUIKit/QMUIComponents/QMUIStaticTableView
    - QMUIKit/QMUIComponents/QMUITableView
    - QMUIKit/QMUICore
    - QMUIKit/QMUIMainFrame
  - QMUIKit/QMUIComponents/QMUILogWithConfigurationSupported (4.2.2):
    - QMUIKit/QMUICore
  - QMUIKit/QMUIComponents/QMUIMarqueeLabel (4.2.2):
    - QMUIKit/QMUICore
  - QMUIKit/QMUIComponents/QMUIModalPresentationViewController (4.2.2):
    - QMUIKit/QMUIComponents/QMUIAppearance
    - QMUIKit/QMUIComponents/QMUIKeyboardManager
    - QMUIKit/QMUICore
  - QMUIKit/QMUIComponents/QMUIMoreOperationController (4.2.2):
    - QMUIKit/QMUIComponents/QMUIAppearance
    - QMUIKit/QMUIComponents/QMUIButton
    - QMUIKit/QMUIComponents/QMUIModalPresentationViewController
    - QMUIKit/QMUICore
  - QMUIKit/QMUIComponents/QMUIMultipleDelegates (4.2.2):
    - QMUIKit/QMUICore
  - QMUIKit/QMUIComponents/QMUINavigationButton (4.2.2):
    - QMUIKit/QMUICore
    - QMUIKit/QMUIMainFrame
  - QMUIKit/QMUIComponents/QMUINavigationTitleView (4.2.2):
    - QMUIKit/QMUIComponents/QMUIAppearance
    - QMUIKit/QMUIComponents/QMUIButton
    - QMUIKit/QMUICore
  - QMUIKit/QMUIComponents/QMUIOrderedDictionary (4.2.2):
    - QMUIKit/QMUICore
  - QMUIKit/QMUIComponents/QMUIPieProgressView (4.2.2):
    - QMUIKit/QMUICore
  - QMUIKit/QMUIComponents/QMUIPopupContainerView (4.2.2):
    - QMUIKit/QMUIComponents/QMUIAppearance
    - QMUIKit/QMUICore
    - QMUIKit/QMUIMainFrame
  - QMUIKit/QMUIComponents/QMUIPopupMenuView (4.2.2):
    - QMUIKit/QMUIComponents/QMUIButton
    - QMUIKit/QMUIComponents/QMUIPopupContainerView
    - QMUIKit/QMUICore
  - QMUIKit/QMUIComponents/QMUIScrollAnimator (4.2.2):
    - QMUIKit/QMUIComponents/QMUIMultipleDelegates
    - QMUIKit/QMUICore
  - QMUIKit/QMUIComponents/QMUISearchBar (4.2.2):
    - QMUIKit/QMUICore
  - QMUIKit/QMUIComponents/QMUISearchController (4.2.2):
    - QMUIKit/QMUIComponents/QMUIEmptyView
    - QMUIKit/QMUIComponents/QMUISearchBar
    - QMUIKit/QMUICore
    - QMUIKit/QMUIMainFrame
  - QMUIKit/QMUIComponents/QMUISegmentedControl (4.2.2):
    - QMUIKit/QMUICore
  - QMUIKit/QMUIComponents/QMUISlider (4.2.2):
    - QMUIKit/QMUICore
  - QMUIKit/QMUIComponents/QMUIStaticTableView (4.2.2):
    - QMUIKit/QMUIComponents/QMUIMultipleDelegates
    - QMUIKit/QMUIComponents/QMUITableViewCell
    - QMUIKit/QMUICore
  - QMUIKit/QMUIComponents/QMUITableView (4.2.2):
    - QMUIKit/QMUIComponents/QMUITableViewProtocols
    - QMUIKit/QMUICore
  - QMUIKit/QMUIComponents/QMUITableViewCell (4.2.2):
    - QMUIKit/QMUIComponents/QMUIButton
    - QMUIKit/QMUICore
  - QMUIKit/QMUIComponents/QMUITableViewHeaderFooterView (4.2.2):
    - QMUIKit/QMUICore
  - QMUIKit/QMUIComponents/QMUITableViewProtocols (4.2.2):
    - QMUIKit/QMUICore
  - QMUIKit/QMUIComponents/QMUITestView (4.2.2):
    - QMUIKit/QMUICore
  - QMUIKit/QMUIComponents/QMUITextField (4.2.2):
    - QMUIKit/QMUIComponents/QMUIMultipleDelegates
    - QMUIKit/QMUICore
  - QMUIKit/QMUIComponents/QMUITextView (4.2.2):
    - QMUIKit/QMUIComponents/QMUILabel
    - QMUIKit/QMUIComponents/QMUIMultipleDelegates
    - QMUIKit/QMUICore
  - QMUIKit/QMUIComponents/QMUITheme (4.2.2):
    - QMUIKit/QMUIComponents/QMUIAlertController
    - QMUIKit/QMUIComponents/QMUIBadge
    - QMUIKit/QMUIComponents/QMUIButton
    - QMUIKit/QMUIComponents/QMUIConsole
    - QMUIKit/QMUIComponents/QMUIEmotionView
    - QMUIKit/QMUIComponents/QMUIEmptyView
    - QMUIKit/QMUIComponents/QMUIFillButton
    - QMUIKit/QMUIComponents/QMUIGhostButton
    - QMUIKit/QMUIComponents/QMUIGridView
    - QMUIKit/QMUIComponents/QMUIImagePickerLibrary
    - QMUIKit/QMUIComponents/QMUIImagePreviewView
    - QMUIKit/QMUIComponents/QMUILabel
    - QMUIKit/QMUIComponents/QMUILinkButton
    - QMUIKit/QMUIComponents/QMUIModalPresentationViewController
    - QMUIKit/QMUIComponents/QMUIPopupContainerView
    - QMUIKit/QMUIComponents/QMUIPopupMenuView
    - QMUIKit/QMUIComponents/QMUISlider
    - QMUIKit/QMUIComponents/QMUITextField
    - QMUIKit/QMUIComponents/QMUITextView
    - QMUIKit/QMUIComponents/QMUIToastView
    - QMUIKit/QMUIComponents/QMUIVisualEffectView
    - QMUIKit/QMUICore
  - QMUIKit/QMUIComponents/QMUITips (4.2.2):
    - QMUIKit/QMUIComponents/QMUIToastView
    - QMUIKit/QMUICore
    - QMUIKit/QMUIResources
  - QMUIKit/QMUIComponents/QMUIToastView (4.2.2):
    - QMUIKit/QMUIComponents/QMUIKeyboardManager
    - QMUIKit/QMUIComponents/QMUIVisualEffectView
    - QMUIKit/QMUICore
  - QMUIKit/QMUIComponents/QMUIToolbarButton (4.2.2):
    - QMUIKit/QMUICore
  - QMUIKit/QMUIComponents/QMUIVisualEffectView (4.2.2):
    - QMUIKit/QMUIComponents/QMUICALayerExtension
    - QMUIKit/QMUICore
  - QMUIKit/QMUIComponents/QMUIWindowSizeMonitor (4.2.2):
    - QMUIKit/QMUICore
  - QMUIKit/QMUIComponents/QMUIZoomImageView (4.2.2):
    - QMUIKit/QMUIComponents/QMUIAssetLibrary
    - QMUIKit/QMUIComponents/QMUIButton
    - QMUIKit/QMUIComponents/QMUIEmptyView
    - QMUIKit/QMUIComponents/QMUIPieProgressView
    - QMUIKit/QMUIComponents/QMUISlider
    - QMUIKit/QMUICore
    - QMUIKit/QMUIResources
  - QMUIKit/QMUICore (4.2.2):
    - QMUIKit/QMUILog
    - QMUIKit/QMUIWeakObjectContainer
  - QMUIKit/QMUILog (4.2.2)
  - QMUIKit/QMUIMainFrame (4.2.2):
    - QMUIKit/QMUIComponents/QMUIEmptyView
    - QMUIKit/QMUIComponents/QMUIKeyboardManager
    - QMUIKit/QMUIComponents/QMUIMultipleDelegates
    - QMUIKit/QMUIComponents/QMUINavigationTitleView
    - QMUIKit/QMUIComponents/QMUITableView
    - QMUIKit/QMUIComponents/QMUITableViewHeaderFooterView
    - QMUIKit/QMUICore
    - QMUIKit/QMUILog
  - QMUIKit/QMUIResources (4.2.2)
  - QMUIKit/QMUIWeakObjectContainer (4.2.2)
  - Reachability (3.7.6)
  - SDCycleScrollView (1.82):
    - SDWebImage (>= 5.0.0)
  - SDWebImage (5.20.0):
    - SDWebImage/Core (= 5.20.0)
  - SDWebImage/Core (5.20.0)
  - SocketRocket (0.5.1)
  - SuperPlayer (3.3.8):
    - AFNetworking
    - Masonry
    - SDWebImage
    - SuperPlayer/Player (= 3.3.8)
  - SuperPlayer/Player (3.3.8):
    - AFNetworking
    - Masonry
    - SDWebImage
    - TXLiteAVSDK_Player
  - TBCrashReporter (10.2.2):
    - AliCrashReporterInterface (>= 0.0.5)
    - AliHAProtocol
    - CrashReporter (>= 10.0.3)
    - JDYThreadTrace
    - KSCrashTao (>= 1.0.4.2)
    - TBRest
  - TBJSONModel (0.1.15.1)
  - TBRest (10.1.1.0)
  - TXLiteAVSDK_Player (8.4.9944)
  - TYCyclePagerView (1.2.0)
  - TZImagePickerController (3.5.8)
  - UMAPM (1.1.1)
  - UMCommon (7.2.5):
    - UMDevice
  - UMDevice (1.1.0)
  - YYCache (1.0.4)
  - YYText (1.0.7)
  - ZipArchive (1.4.0)

DEPENDENCIES:
  - AFNetworking
  - AlicloudCrash
  - AlicloudPDNS
  - AWRichText (~> 1.0.1)
  - BarrageRenderer
  - Bugly
  - FLAnimatedImage (~> 1.0)
  - HPGrowingTextView (~> 1.1)
  - JCore
  - JPush
  - JXCategoryView
  - JXPagingView/Pager
  - libOpenInstallSDK
  - LookinServer
  - Masonry
  - MBProgressHUD
  - MJExtension
  - MJRefresh
  - MLLabel (~> 1.8)
  - MRDLNA
  - MSNetwork
  - NIMSDK_LITE
  - QMUIKit
  - Reachability
  - SDCycleScrollView
  - SDWebImage
  - SocketRocket
  - SuperPlayer
  - TYCyclePagerView
  - TZImagePickerController
  - UMAPM
  - UMCommon
  - UMDevice
  - YYText

SPEC REPOS:
  https://github.com/aliyun/aliyun-specs.git:
    - AlicloudCrash
    - AlicloudHAUtil
    - AlicloudPDNS
    - AlicloudUTDID
    - AlicloudUtils
    - AliCrashReporterInterface
    - AliHACore
    - AliHALogEngine
    - AliHAMemoryMonitor
    - AliHAMethodTrace
    - AliHAProtocol
    - BizErrorReporter4iOS
    - CrashReporter
    - FBRetainCycleDetector
    - JDYThreadTrace
    - KSCrashTao
    - TBCrashReporter
    - TBJSONModel
    - TBRest
  https://github.com/CocoaPods/Specs.git:
    - AFNetworking
    - AWRichText
    - BarrageRenderer
    - Bugly
    - CocoaAsyncSocket
    - FBAllocationTracker
    - FBMemoryProfiler
    - FLAnimatedImage
    - HPGrowingTextView
    - JCore
    - JPush
    - JXCategoryView
    - JXPagingView
    - libOpenInstallSDK
    - LookinServer
    - Masonry
    - MBProgressHUD
    - MJExtension
    - MJRefresh
    - MLLabel
    - MRDLNA
    - MSNetwork
    - NIMSDK_LITE
    - QMUIKit
    - Reachability
    - SDCycleScrollView
    - SDWebImage
    - SocketRocket
    - SuperPlayer
    - TXLiteAVSDK_Player
    - TYCyclePagerView
    - TZImagePickerController
    - UMAPM
    - UMCommon
    - UMDevice
    - YYCache
    - YYText
    - ZipArchive

SPEC CHECKSUMS:
  AFNetworking: 3bd23d814e976cd148d7d44c3ab78017b744cd58
  AlicloudCrash: 98707ca85021db121e84b62dff31e99035127613
  AlicloudHAUtil: ab962c683bf2dc79652726121442dc10fc8cbf08
  AlicloudPDNS: 6eda4d8af312b1e0824a58d97a2f5edf71531186
  AlicloudUTDID: 5d2f22d50e11eecd38f30bc7a48c71925ea90976
  AlicloudUtils: ef4436f52b828b1182b002373758ecb88068e679
  AliCrashReporterInterface: 0e839e0aa67c07c012e76fa3208edb6ee7552438
  AliHACore: 631974dc2ab61ffed5ba743e339defb5c9e028c0
  AliHALogEngine: c98e8b4f4a6ee53b08d0657141ac299b37efb188
  AliHAMemoryMonitor: c9350a89a246a05f91ca509b1bbd28165b87834b
  AliHAMethodTrace: 31ebea278dfc3dfead7c47a75fc995c79d14ac36
  AliHAProtocol: 32037cc4d1bdbc60a6532895cbf1ddbbe84679b2
  AWRichText: 7adc57ff591ef9365cfb3f35aac98b2e97db015d
  BarrageRenderer: 00e5f8081d81f29c1fc12712ddf2f875bd9c6f77
  BizErrorReporter4iOS: 0f8d8f52ca95e89e7c60fc15dc162bc6f32c3d86
  Bugly: 88bc32c0acc6fef7b74d610f0319ee7560d6b9fe
  CocoaAsyncSocket: 065fd1e645c7abab64f7a6a2007a48038fdc6a99
  CrashReporter: f8374b53ef73d1ae23e76331fd648bfc1cd7ff78
  FBAllocationTracker: dfdca3f71aceca6a85e95e3c6ec76a9785eba0f1
  FBMemoryProfiler: 623fc5f8a61f7d02ec75c87e3b97c90f621d8b02
  FBRetainCycleDetector: cf5abf8e93180f48cf54d6872a6d0e5ffe0ac1a1
  FLAnimatedImage: bbf914596368867157cc71b38a8ec834b3eeb32b
  HPGrowingTextView: 88a716d97fb853bcb08a4a08e4727da17efc9b19
  JCore: a29e4b0ee54e1301446dc02d8e1c350404108b34
  JDYThreadTrace: 757de93867bac712becb1a3d23a0d1f0bf54f927
  JPush: defaa108c38806f6efdcfaf4c416854d25fca8e5
  JXCategoryView: 778a620f76070d6598fd8d7239991b8da8326170
  JXPagingView: 821ed274f09eaf2843a96c3a74e9d138e27d9730
  KSCrashTao: 48ca4b6066c4bf99f089cf8c72f42690dfe79e6f
  libOpenInstallSDK: 9ccdd7571f71ed376c9420b8b61199450b8690d0
  LookinServer: 0002891cd3cec5e082a910e897dfe71b4f06b89e
  Masonry: 678fab65091a9290e40e2832a55e7ab731aad201
  MBProgressHUD: 3ee5efcc380f6a79a7cc9b363dd669c5e1ae7406
  MJExtension: 88e0900751b6cac8de1cf724ca9838a0b28d5acb
  MJRefresh: 6afc955813966afb08305477dd7a0d9ad5e79a16
  MLLabel: d76124055a2205e7f76878e62cd06ba925ba0c97
  MRDLNA: 3fe35c6ac57c946413d07896faeb9101c4d8853d
  MSNetwork: ec5d769930b9350368a85f6ac093babe83802d25
  NIMSDK_LITE: a976c1f1cf65ec271601e91d154c94fae0f7331b
  QMUIKit: 5122015af36dc418d4133eee502532cc6207a277
  Reachability: fd0ecd23705e2599e4cceeb943222ae02296cbc6
  SDCycleScrollView: a0d74c3384caa72bdfc81470bdbc8c14b3e1fbcf
  SDWebImage: 73c6079366fea25fa4bb9640d5fb58f0893facd8
  SocketRocket: d57c7159b83c3c6655745cd15302aa24b6bae531
  SuperPlayer: bb8392e53ca303322dc306b15480c0d051ba3968
  TBCrashReporter: f7bd75524d05b51cab2ce1be483e63d1584d2a2e
  TBJSONModel: 2c95a8789bc3d98a2a773dd09c41ddeb902a200b
  TBRest: 36fcaf59c76692eae5acf4c8fd469748d453a327
  TXLiteAVSDK_Player: 3542b8d539779d57b3c870eac00321f8ab0f05f8
  TYCyclePagerView: 2b051dade0615c70784aa34f40c646feeddb7344
  TZImagePickerController: 7fd9702897ef8c0b7c951e5463f4bcf398296f9e
  UMAPM: d0623e0b3ca8b1a1df855e0bddb91b5c002d097d
  UMCommon: b5aabdb9fad44330ff8738d9bc46ebf93db14bf2
  UMDevice: 28d21a568c8e8322e5a03bbd53b138d0c098d3b3
  YYCache: 8105b6638f5e849296c71f331ff83891a4942952
  YYText: 5c461d709e24d55a182d1441c41dc639a18a4849
  ZipArchive: e25a4373192673e3229ac8d6e9f64a3e5713c966

PODFILE CHECKSUM: 575bf35c304b8213cf1b4924a50e6dd7a2f5c517

COCOAPODS: 1.16.2
